// !$*UTF8*$!
{
	archiveVersion = 1;
	classes = {
	};
	objectVersion = 46;
	objects = {

/* Begin PBXBuildFile section */
		FF0E12B81824285100D49EC7 /* TTDiamondView.m in Sources */ = {isa = PBXBuildFile; fileRef = FF0E12B71824285100D49EC7 /* TTDiamondView.m */; };
		FF0E12BB1824286600D49EC7 /* TTDiamond.m in Sources */ = {isa = PBXBuildFile; fileRef = FF0E12BA1824286600D49EC7 /* TTDiamond.m */; };
		FF0E12C218242DF000D49EC7 /* TTButtonTimer.m in Sources */ = {isa = PBXBuildFile; fileRef = FF0E12C118242DF000D49EC7 /* TTButtonTimer.m */; };
		FF0E12CA18247BAE00D49EC7 /* TTMode.m in Sources */ = {isa = PBXBuildFile; fileRef = FF0E12C918247BAE00D49EC7 /* TTMode.m */; };
		FF0E12CF18247D6100D49EC7 /* TTModeMusic.m in Sources */ = {isa = PBXBuildFile; fileRef = FF0E12CE18247D6100D49EC7 /* TTModeMusic.m */; };
		FF0E12D11824811200D49EC7 /* ScriptingBridge.framework in Frameworks */ = {isa = PBXBuildFile; fileRef = FF0E12D01824811200D49EC7 /* ScriptingBridge.framework */; };
		FF0E12D41828560000D49EC7 /* TTModeVideo.m in Sources */ = {isa = PBXBuildFile; fileRef = FF0E12D31828560000D49EC7 /* TTModeVideo.m */; };
		FF3A9F6517C42B5E00C5C2D5 /* menulet_icon.png in Resources */ = {isa = PBXBuildFile; fileRef = FF3A9F6317C42B5E00C5C2D5 /* menulet_icon.png */; };
		FF3A9F6617C42B5E00C5C2D5 /* menulet_icon_active.png in Resources */ = {isa = PBXBuildFile; fileRef = FF3A9F6417C42B5E00C5C2D5 /* menulet_icon_active.png */; };
		FF3A9F6C17C4351B00C5C2D5 /* TTPanelController.m in Sources */ = {isa = PBXBuildFile; fileRef = FF3A9F6B17C4351B00C5C2D5 /* TTPanelController.m */; };
		FF3A9F6F17C4353300C5C2D5 /* TTPanel.m in Sources */ = {isa = PBXBuildFile; fileRef = FF3A9F6E17C4353300C5C2D5 /* TTPanel.m */; };
		FF3A9F7217C4354A00C5C2D5 /* TTStatusItemView.m in Sources */ = {isa = PBXBuildFile; fileRef = FF3A9F7117C4354A00C5C2D5 /* TTStatusItemView.m */; };
		FF3A9F7517C4355B00C5C2D5 /* TTBackgroundView.m in Sources */ = {isa = PBXBuildFile; fileRef = FF3A9F7417C4355B00C5C2D5 /* TTBackgroundView.m */; };
		FF3A9F7717C4358000C5C2D5 /* TTPanel.xib in Resources */ = {isa = PBXBuildFile; fileRef = FF3A9F7617C4358000C5C2D5 /* TTPanel.xib */; };
		FF3A9F7A17C436DC00C5C2D5 /* TTMenubarController.m in Sources */ = {isa = PBXBuildFile; fileRef = FF3A9F7917C436DC00C5C2D5 /* TTMenubarController.m */; };
		FF3A9F7C17C442BB00C5C2D5 /* menulet_icon@2x.png in Resources */ = {isa = PBXBuildFile; fileRef = FF3A9F7B17C442BB00C5C2D5 /* menulet_icon@2x.png */; };
		FF3A9F7E17C4434F00C5C2D5 /* menulet_icon_active@2x.png in Resources */ = {isa = PBXBuildFile; fileRef = FF3A9F7D17C4434F00C5C2D5 /* menulet_icon_active@2x.png */; };
		FF4E2630182317D000D477F6 /* TTSerialMonitor.m in Sources */ = {isa = PBXBuildFile; fileRef = FF4E262F182317D000D477F6 /* TTSerialMonitor.m */; };
		FF4E26321823197D00D477F6 /* IOKit.framework in Frameworks */ = {isa = PBXBuildFile; fileRef = FF4E26311823197D00D477F6 /* IOKit.framework */; };
		FF4F9AFA1829B1A900D2F975 /* TTModeMenuViewport.m in Sources */ = {isa = PBXBuildFile; fileRef = FF4F9AF91829B1A900D2F975 /* TTModeMenuViewport.m */; };
		FF4F9AFD1829B1B800D2F975 /* TTModeMenuContainer.m in Sources */ = {isa = PBXBuildFile; fileRef = FF4F9AFC1829B1B800D2F975 /* TTModeMenuContainer.m */; };
		FF4F9B001829B1D300D2F975 /* TTModeMenuItem.m in Sources */ = {isa = PBXBuildFile; fileRef = FF4F9AFF1829B1D300D2F975 /* TTModeMenuItem.m */; };
		FF8C833717AB14B5000166FC /* Cocoa.framework in Frameworks */ = {isa = PBXBuildFile; fileRef = FF8C833617AB14B5000166FC /* Cocoa.framework */; };
		FF8C834117AB14B5000166FC /* InfoPlist.strings in Resources */ = {isa = PBXBuildFile; fileRef = FF8C833F17AB14B5000166FC /* InfoPlist.strings */; };
		FF8C834317AB14B5000166FC /* main.m in Sources */ = {isa = PBXBuildFile; fileRef = FF8C834217AB14B5000166FC /* main.m */; };
		FF8C834717AB14B5000166FC /* Credits.rtf in Resources */ = {isa = PBXBuildFile; fileRef = FF8C834517AB14B5000166FC /* Credits.rtf */; };
		FF8C834A17AB14B5000166FC /* TTAppDelegate.m in Sources */ = {isa = PBXBuildFile; fileRef = FF8C834917AB14B5000166FC /* TTAppDelegate.m */; };
		FF8C834D17AB14B5000166FC /* MainMenu.xib in Resources */ = {isa = PBXBuildFile; fileRef = FF8C834B17AB14B5000166FC /* MainMenu.xib */; };
/* End PBXBuildFile section */

/* Begin PBXFileReference section */
		FF0E12B61824285100D49EC7 /* TTDiamondView.h */ = {isa = PBXFileReference; fileEncoding = 4; lastKnownFileType = sourcecode.c.h; name = TTDiamondView.h; path = Views/TTDiamondView.h; sourceTree = "<group>"; };
		FF0E12B71824285100D49EC7 /* TTDiamondView.m */ = {isa = PBXFileReference; fileEncoding = 4; lastKnownFileType = sourcecode.c.objc; name = TTDiamondView.m; path = Views/TTDiamondView.m; sourceTree = "<group>"; };
		FF0E12B91824286600D49EC7 /* TTDiamond.h */ = {isa = PBXFileReference; fileEncoding = 4; lastKnownFileType = sourcecode.c.h; name = TTDiamond.h; path = Models/TTDiamond.h; sourceTree = "<group>"; };
		FF0E12BA1824286600D49EC7 /* TTDiamond.m */ = {isa = PBXFileReference; fileEncoding = 4; lastKnownFileType = sourcecode.c.objc; name = TTDiamond.m; path = Models/TTDiamond.m; sourceTree = "<group>"; };
		FF0E12BC18242B5600D49EC7 /* TTPanelDelegate.h */ = {isa = PBXFileReference; fileEncoding = 4; lastKnownFileType = sourcecode.c.h; name = TTPanelDelegate.h; path = Classes/TTPanelDelegate.h; sourceTree = "<group>"; };
		FF0E12C018242DF000D49EC7 /* TTButtonTimer.h */ = {isa = PBXFileReference; fileEncoding = 4; lastKnownFileType = sourcecode.c.h; name = TTButtonTimer.h; path = SerialMonitor/TTButtonTimer.h; sourceTree = "<group>"; };
		FF0E12C118242DF000D49EC7 /* TTButtonTimer.m */ = {isa = PBXFileReference; fileEncoding = 4; lastKnownFileType = sourcecode.c.objc; name = TTButtonTimer.m; path = SerialMonitor/TTButtonTimer.m; sourceTree = "<group>"; };
		FF0E12C3182477CB00D49EC7 /* TTModeProtocol.h */ = {isa = PBXFileReference; lastKnownFileType = sourcecode.c.h; name = TTModeProtocol.h; path = Models/TTModeProtocol.h; sourceTree = "<group>"; };
		FF0E12C818247BAE00D49EC7 /* TTMode.h */ = {isa = PBXFileReference; fileEncoding = 4; lastKnownFileType = sourcecode.c.h; name = TTMode.h; path = Models/TTMode.h; sourceTree = "<group>"; };
		FF0E12C918247BAE00D49EC7 /* TTMode.m */ = {isa = PBXFileReference; fileEncoding = 4; lastKnownFileType = sourcecode.c.objc; name = TTMode.m; path = Models/TTMode.m; sourceTree = "<group>"; };
		FF0E12CC18247D4600D49EC7 /* iTunes.h */ = {isa = PBXFileReference; lastKnownFileType = sourcecode.c.h; name = iTunes.h; path = Modes/Music/iTunes.h; sourceTree = "<group>"; };
		FF0E12CD18247D6100D49EC7 /* TTModeMusic.h */ = {isa = PBXFileReference; fileEncoding = 4; lastKnownFileType = sourcecode.c.h; name = TTModeMusic.h; path = Modes/Music/TTModeMusic.h; sourceTree = "<group>"; };
		FF0E12CE18247D6100D49EC7 /* TTModeMusic.m */ = {isa = PBXFileReference; fileEncoding = 4; lastKnownFileType = sourcecode.c.objc; name = TTModeMusic.m; path = Modes/Music/TTModeMusic.m; sourceTree = "<group>"; };
		FF0E12D01824811200D49EC7 /* ScriptingBridge.framework */ = {isa = PBXFileReference; lastKnownFileType = wrapper.framework; name = ScriptingBridge.framework; path = System/Library/Frameworks/ScriptingBridge.framework; sourceTree = SDKROOT; };
		FF0E12D21828560000D49EC7 /* TTModeVideo.h */ = {isa = PBXFileReference; fileEncoding = 4; lastKnownFileType = sourcecode.c.h; name = TTModeVideo.h; path = Modes/Video/TTModeVideo.h; sourceTree = "<group>"; };
		FF0E12D31828560000D49EC7 /* TTModeVideo.m */ = {isa = PBXFileReference; fileEncoding = 4; lastKnownFileType = sourcecode.c.objc; name = TTModeVideo.m; path = Modes/Video/TTModeVideo.m; sourceTree = "<group>"; };
		FF0E12D61828569300D49EC7 /* Quicktime.h */ = {isa = PBXFileReference; lastKnownFileType = sourcecode.c.h; name = Quicktime.h; path = Modes/Video/Quicktime.h; sourceTree = "<group>"; };
		FF0E12D71828569300D49EC7 /* VLC.h */ = {isa = PBXFileReference; lastKnownFileType = sourcecode.c.h; name = VLC.h; path = Modes/Video/VLC.h; sourceTree = "<group>"; };
		FF3A9F6317C42B5E00C5C2D5 /* menulet_icon.png */ = {isa = PBXFileReference; lastKnownFileType = image.png; path = menulet_icon.png; sourceTree = "<group>"; };
		FF3A9F6417C42B5E00C5C2D5 /* menulet_icon_active.png */ = {isa = PBXFileReference; lastKnownFileType = image.png; path = menulet_icon_active.png; sourceTree = "<group>"; };
		FF3A9F6A17C4351B00C5C2D5 /* TTPanelController.h */ = {isa = PBXFileReference; fileEncoding = 4; lastKnownFileType = sourcecode.c.h; name = TTPanelController.h; path = Classes/TTPanelController.h; sourceTree = "<group>"; };
		FF3A9F6B17C4351B00C5C2D5 /* TTPanelController.m */ = {isa = PBXFileReference; fileEncoding = 4; lastKnownFileType = sourcecode.c.objc; name = TTPanelController.m; path = Classes/TTPanelController.m; sourceTree = "<group>"; };
		FF3A9F6D17C4353300C5C2D5 /* TTPanel.h */ = {isa = PBXFileReference; fileEncoding = 4; lastKnownFileType = sourcecode.c.h; name = TTPanel.h; path = Views/TTPanel.h; sourceTree = "<group>"; };
		FF3A9F6E17C4353300C5C2D5 /* TTPanel.m */ = {isa = PBXFileReference; fileEncoding = 4; lastKnownFileType = sourcecode.c.objc; name = TTPanel.m; path = Views/TTPanel.m; sourceTree = "<group>"; };
		FF3A9F7017C4354A00C5C2D5 /* TTStatusItemView.h */ = {isa = PBXFileReference; fileEncoding = 4; lastKnownFileType = sourcecode.c.h; name = TTStatusItemView.h; path = Views/TTStatusItemView.h; sourceTree = "<group>"; };
		FF3A9F7117C4354A00C5C2D5 /* TTStatusItemView.m */ = {isa = PBXFileReference; fileEncoding = 4; lastKnownFileType = sourcecode.c.objc; name = TTStatusItemView.m; path = Views/TTStatusItemView.m; sourceTree = "<group>"; };
		FF3A9F7317C4355B00C5C2D5 /* TTBackgroundView.h */ = {isa = PBXFileReference; fileEncoding = 4; lastKnownFileType = sourcecode.c.h; name = TTBackgroundView.h; path = Views/TTBackgroundView.h; sourceTree = "<group>"; };
		FF3A9F7417C4355B00C5C2D5 /* TTBackgroundView.m */ = {isa = PBXFileReference; fileEncoding = 4; lastKnownFileType = sourcecode.c.objc; name = TTBackgroundView.m; path = Views/TTBackgroundView.m; sourceTree = "<group>"; };
		FF3A9F7617C4358000C5C2D5 /* TTPanel.xib */ = {isa = PBXFileReference; fileEncoding = 4; lastKnownFileType = file.xib; name = TTPanel.xib; path = Views/TTPanel.xib; sourceTree = "<group>"; };
		FF3A9F7817C436DC00C5C2D5 /* TTMenubarController.h */ = {isa = PBXFileReference; fileEncoding = 4; lastKnownFileType = sourcecode.c.h; name = TTMenubarController.h; path = Classes/TTMenubarController.h; sourceTree = "<group>"; };
		FF3A9F7917C436DC00C5C2D5 /* TTMenubarController.m */ = {isa = PBXFileReference; fileEncoding = 4; lastKnownFileType = sourcecode.c.objc; name = TTMenubarController.m; path = Classes/TTMenubarController.m; sourceTree = "<group>"; };
		FF3A9F7B17C442BB00C5C2D5 /* menulet_icon@2x.png */ = {isa = PBXFileReference; lastKnownFileType = image.png; path = "menulet_icon@2x.png"; sourceTree = "<group>"; };
		FF3A9F7D17C4434F00C5C2D5 /* menulet_icon_active@2x.png */ = {isa = PBXFileReference; lastKnownFileType = image.png; path = "menulet_icon_active@2x.png"; sourceTree = "<group>"; };
		FF4E262E182317D000D477F6 /* TTSerialMonitor.h */ = {isa = PBXFileReference; fileEncoding = 4; lastKnownFileType = sourcecode.c.h; name = TTSerialMonitor.h; path = SerialMonitor/TTSerialMonitor.h; sourceTree = "<group>"; };
		FF4E262F182317D000D477F6 /* TTSerialMonitor.m */ = {isa = PBXFileReference; fileEncoding = 4; lastKnownFileType = sourcecode.c.objc; name = TTSerialMonitor.m; path = SerialMonitor/TTSerialMonitor.m; sourceTree = "<group>"; };
		FF4E26311823197D00D477F6 /* IOKit.framework */ = {isa = PBXFileReference; lastKnownFileType = wrapper.framework; name = IOKit.framework; path = System/Library/Frameworks/IOKit.framework; sourceTree = SDKROOT; };
		FF4F9AF6182881FF00D2F975 /* AppleScriptObjC.framework */ = {isa = PBXFileReference; lastKnownFileType = wrapper.framework; name = AppleScriptObjC.framework; path = System/Library/Frameworks/AppleScriptObjC.framework; sourceTree = SDKROOT; };
		FF4F9AF81829B1A900D2F975 /* TTModeMenuViewport.h */ = {isa = PBXFileReference; fileEncoding = 4; lastKnownFileType = sourcecode.c.h; name = TTModeMenuViewport.h; path = Views/TTModeMenuViewport.h; sourceTree = "<group>"; };
		FF4F9AF91829B1A900D2F975 /* TTModeMenuViewport.m */ = {isa = PBXFileReference; fileEncoding = 4; lastKnownFileType = sourcecode.c.objc; name = TTModeMenuViewport.m; path = Views/TTModeMenuViewport.m; sourceTree = "<group>"; };
		FF4F9AFB1829B1B800D2F975 /* TTModeMenuContainer.h */ = {isa = PBXFileReference; fileEncoding = 4; lastKnownFileType = sourcecode.c.h; name = TTModeMenuContainer.h; path = Views/TTModeMenuContainer.h; sourceTree = "<group>"; };
		FF4F9AFC1829B1B800D2F975 /* TTModeMenuContainer.m */ = {isa = PBXFileReference; fileEncoding = 4; lastKnownFileType = sourcecode.c.objc; name = TTModeMenuContainer.m; path = Views/TTModeMenuContainer.m; sourceTree = "<group>"; };
		FF4F9AFE1829B1D300D2F975 /* TTModeMenuItem.h */ = {isa = PBXFileReference; fileEncoding = 4; lastKnownFileType = sourcecode.c.h; name = TTModeMenuItem.h; path = Views/TTModeMenuItem.h; sourceTree = "<group>"; };
		FF4F9AFF1829B1D300D2F975 /* TTModeMenuItem.m */ = {isa = PBXFileReference; fileEncoding = 4; lastKnownFileType = sourcecode.c.objc; name = TTModeMenuItem.m; path = Views/TTModeMenuItem.m; sourceTree = "<group>"; };
		FF8C833317AB14B5000166FC /* Turn Touch App.app */ = {isa = PBXFileReference; explicitFileType = wrapper.application; includeInIndex = 0; path = "Turn Touch App.app"; sourceTree = BUILT_PRODUCTS_DIR; };
		FF8C833617AB14B5000166FC /* Cocoa.framework */ = {isa = PBXFileReference; lastKnownFileType = wrapper.framework; name = Cocoa.framework; path = System/Library/Frameworks/Cocoa.framework; sourceTree = SDKROOT; };
		FF8C833917AB14B5000166FC /* AppKit.framework */ = {isa = PBXFileReference; lastKnownFileType = wrapper.framework; name = AppKit.framework; path = System/Library/Frameworks/AppKit.framework; sourceTree = SDKROOT; };
		FF8C833A17AB14B5000166FC /* CoreData.framework */ = {isa = PBXFileReference; lastKnownFileType = wrapper.framework; name = CoreData.framework; path = System/Library/Frameworks/CoreData.framework; sourceTree = SDKROOT; };
		FF8C833B17AB14B5000166FC /* Foundation.framework */ = {isa = PBXFileReference; lastKnownFileType = wrapper.framework; name = Foundation.framework; path = System/Library/Frameworks/Foundation.framework; sourceTree = SDKROOT; };
		FF8C833E17AB14B5000166FC /* Turn Touch App-Info.plist */ = {isa = PBXFileReference; lastKnownFileType = text.plist.xml; path = "Turn Touch App-Info.plist"; sourceTree = "<group>"; };
		FF8C834017AB14B5000166FC /* en */ = {isa = PBXFileReference; lastKnownFileType = text.plist.strings; name = en; path = en.lproj/InfoPlist.strings; sourceTree = "<group>"; };
		FF8C834217AB14B5000166FC /* main.m */ = {isa = PBXFileReference; lastKnownFileType = sourcecode.c.objc; path = main.m; sourceTree = "<group>"; };
		FF8C834417AB14B5000166FC /* Turn Touch App-Prefix.pch */ = {isa = PBXFileReference; lastKnownFileType = sourcecode.c.h; path = "Turn Touch App-Prefix.pch"; sourceTree = "<group>"; };
		FF8C834617AB14B5000166FC /* en */ = {isa = PBXFileReference; lastKnownFileType = text.rtf; name = en; path = en.lproj/Credits.rtf; sourceTree = "<group>"; };
		FF8C834817AB14B5000166FC /* TTAppDelegate.h */ = {isa = PBXFileReference; lastKnownFileType = sourcecode.c.h; path = TTAppDelegate.h; sourceTree = "<group>"; };
		FF8C834917AB14B5000166FC /* TTAppDelegate.m */ = {isa = PBXFileReference; lastKnownFileType = sourcecode.c.objc; path = TTAppDelegate.m; sourceTree = "<group>"; };
		FF8C834C17AB14B5000166FC /* en */ = {isa = PBXFileReference; lastKnownFileType = file.xib; name = en; path = en.lproj/MainMenu.xib; sourceTree = "<group>"; };
		FF8C835317AB14F4000166FC /* Turn Touch App.entitlements */ = {isa = PBXFileReference; lastKnownFileType = text.xml; path = "Turn Touch App.entitlements"; sourceTree = "<group>"; };
/* End PBXFileReference section */

/* Begin PBXFrameworksBuildPhase section */
		FF8C833017AB14B5000166FC /* Frameworks */ = {
			isa = PBXFrameworksBuildPhase;
			buildActionMask = 2147483647;
			files = (
				FF0E12D11824811200D49EC7 /* ScriptingBridge.framework in Frameworks */,
				FF4E26321823197D00D477F6 /* IOKit.framework in Frameworks */,
				FF8C833717AB14B5000166FC /* Cocoa.framework in Frameworks */,
			);
			runOnlyForDeploymentPostprocessing = 0;
		};
/* End PBXFrameworksBuildPhase section */

/* Begin PBXGroup section */
		FF0E12B51824283B00D49EC7 /* Models */ = {
			isa = PBXGroup;
			children = (
				FF0E12B91824286600D49EC7 /* TTDiamond.h */,
				FF0E12BA1824286600D49EC7 /* TTDiamond.m */,
				FF0E12C3182477CB00D49EC7 /* TTModeProtocol.h */,
				FF0E12C818247BAE00D49EC7 /* TTMode.h */,
				FF0E12C918247BAE00D49EC7 /* TTMode.m */,
			);
			name = Models;
			sourceTree = "<group>";
		};
		FF0E12BF18242D2F00D49EC7 /* XIBs */ = {
			isa = PBXGroup;
			children = (
				FF8C834B17AB14B5000166FC /* MainMenu.xib */,
				FF3A9F7617C4358000C5C2D5 /* TTPanel.xib */,
			);
			name = XIBs;
			sourceTree = "<group>";
		};
		FF0E12C418247B7A00D49EC7 /* Modes */ = {
			isa = PBXGroup;
			children = (
				FF0E12D51828560400D49EC7 /* Video */,
				FF0E12CB18247D3000D49EC7 /* Music */,
			);
			name = Modes;
			sourceTree = "<group>";
		};
		FF0E12CB18247D3000D49EC7 /* Music */ = {
			isa = PBXGroup;
			children = (
				FF0E12CD18247D6100D49EC7 /* TTModeMusic.h */,
				FF0E12CE18247D6100D49EC7 /* TTModeMusic.m */,
				FF0E12CC18247D4600D49EC7 /* iTunes.h */,
			);
			name = Music;
			sourceTree = "<group>";
		};
		FF0E12D51828560400D49EC7 /* Video */ = {
			isa = PBXGroup;
			children = (
				FF0E12D21828560000D49EC7 /* TTModeVideo.h */,
				FF0E12D31828560000D49EC7 /* TTModeVideo.m */,
				FF0E12D61828569300D49EC7 /* Quicktime.h */,
				FF0E12D71828569300D49EC7 /* VLC.h */,
			);
			name = Video;
			sourceTree = "<group>";
		};
		FF3A9F6217C42B5E00C5C2D5 /* Images */ = {
			isa = PBXGroup;
			children = (
				FF3A9F6317C42B5E00C5C2D5 /* menulet_icon.png */,
				FF3A9F7B17C442BB00C5C2D5 /* menulet_icon@2x.png */,
				FF3A9F6417C42B5E00C5C2D5 /* menulet_icon_active.png */,
				FF3A9F7D17C4434F00C5C2D5 /* menulet_icon_active@2x.png */,
			);
			name = Images;
			path = "Turn Touch App/Images";
			sourceTree = "<group>";
		};
		FF4E26291823154500D477F6 /* Serial Monitor */ = {
			isa = PBXGroup;
			children = (
				FF4E262E182317D000D477F6 /* TTSerialMonitor.h */,
				FF4E262F182317D000D477F6 /* TTSerialMonitor.m */,
				FF0E12C018242DF000D49EC7 /* TTButtonTimer.h */,
				FF0E12C118242DF000D49EC7 /* TTButtonTimer.m */,
			);
			name = "Serial Monitor";
			sourceTree = "<group>";
		};
		FF5F70B217C428F200511AB6 /* Views */ = {
			isa = PBXGroup;
			children = (
				FF3A9F6D17C4353300C5C2D5 /* TTPanel.h */,
				FF3A9F6E17C4353300C5C2D5 /* TTPanel.m */,
				FF3A9F7017C4354A00C5C2D5 /* TTStatusItemView.h */,
				FF3A9F7117C4354A00C5C2D5 /* TTStatusItemView.m */,
				FF3A9F7317C4355B00C5C2D5 /* TTBackgroundView.h */,
				FF3A9F7417C4355B00C5C2D5 /* TTBackgroundView.m */,
				FF0E12B61824285100D49EC7 /* TTDiamondView.h */,
				FF0E12B71824285100D49EC7 /* TTDiamondView.m */,
				FF4F9AF81829B1A900D2F975 /* TTModeMenuViewport.h */,
				FF4F9AF91829B1A900D2F975 /* TTModeMenuViewport.m */,
				FF4F9AFB1829B1B800D2F975 /* TTModeMenuContainer.h */,
				FF4F9AFC1829B1B800D2F975 /* TTModeMenuContainer.m */,
				FF4F9AFE1829B1D300D2F975 /* TTModeMenuItem.h */,
				FF4F9AFF1829B1D300D2F975 /* TTModeMenuItem.m */,
			);
			name = Views;
			sourceTree = "<group>";
		};
		FF5F70B317C428FB00511AB6 /* Classes */ = {
			isa = PBXGroup;
			children = (
				FF8C834817AB14B5000166FC /* TTAppDelegate.h */,
				FF8C834917AB14B5000166FC /* TTAppDelegate.m */,
				FF3A9F7817C436DC00C5C2D5 /* TTMenubarController.h */,
				FF3A9F7917C436DC00C5C2D5 /* TTMenubarController.m */,
				FF3A9F6A17C4351B00C5C2D5 /* TTPanelController.h */,
				FF3A9F6B17C4351B00C5C2D5 /* TTPanelController.m */,
				FF0E12BC18242B5600D49EC7 /* TTPanelDelegate.h */,
			);
			name = Classes;
			sourceTree = "<group>";
		};
		FF8C832A17AB14B5000166FC = {
			isa = PBXGroup;
			children = (
				FF8C833C17AB14B5000166FC /* Turn Touch App */,
				FF3A9F6217C42B5E00C5C2D5 /* Images */,
				FF8C833517AB14B5000166FC /* Frameworks */,
				FF8C833417AB14B5000166FC /* Products */,
			);
			sourceTree = "<group>";
		};
		FF8C833417AB14B5000166FC /* Products */ = {
			isa = PBXGroup;
			children = (
				FF8C833317AB14B5000166FC /* Turn Touch App.app */,
			);
			name = Products;
			sourceTree = "<group>";
		};
		FF8C833517AB14B5000166FC /* Frameworks */ = {
			isa = PBXGroup;
			children = (
				FF4F9AF6182881FF00D2F975 /* AppleScriptObjC.framework */,
				FF0E12D01824811200D49EC7 /* ScriptingBridge.framework */,
				FF4E26311823197D00D477F6 /* IOKit.framework */,
				FF8C833617AB14B5000166FC /* Cocoa.framework */,
				FF8C833817AB14B5000166FC /* Other Frameworks */,
			);
			name = Frameworks;
			sourceTree = "<group>";
		};
		FF8C833817AB14B5000166FC /* Other Frameworks */ = {
			isa = PBXGroup;
			children = (
				FF8C833917AB14B5000166FC /* AppKit.framework */,
				FF8C833A17AB14B5000166FC /* CoreData.framework */,
				FF8C833B17AB14B5000166FC /* Foundation.framework */,
			);
			name = "Other Frameworks";
			sourceTree = "<group>";
		};
		FF8C833C17AB14B5000166FC /* Turn Touch App */ = {
			isa = PBXGroup;
			children = (
				FF0E12C418247B7A00D49EC7 /* Modes */,
				FF0E12B51824283B00D49EC7 /* Models */,
				FF5F70B317C428FB00511AB6 /* Classes */,
				FF5F70B217C428F200511AB6 /* Views */,
				FF4E26291823154500D477F6 /* Serial Monitor */,
				FF0E12BF18242D2F00D49EC7 /* XIBs */,
				FF8C833D17AB14B5000166FC /* Supporting Files */,
			);
			path = "Turn Touch App";
			sourceTree = "<group>";
		};
		FF8C833D17AB14B5000166FC /* Supporting Files */ = {
			isa = PBXGroup;
			children = (
				FF8C835317AB14F4000166FC /* Turn Touch App.entitlements */,
				FF8C833E17AB14B5000166FC /* Turn Touch App-Info.plist */,
				FF8C833F17AB14B5000166FC /* InfoPlist.strings */,
				FF8C834217AB14B5000166FC /* main.m */,
				FF8C834417AB14B5000166FC /* Turn Touch App-Prefix.pch */,
				FF8C834517AB14B5000166FC /* Credits.rtf */,
			);
			name = "Supporting Files";
			sourceTree = "<group>";
		};
/* End PBXGroup section */

/* Begin PBXNativeTarget section */
		FF8C833217AB14B5000166FC /* Turn Touch App */ = {
			isa = PBXNativeTarget;
			buildConfigurationList = FF8C835017AB14B5000166FC /* Build configuration list for PBXNativeTarget "Turn Touch App" */;
			buildPhases = (
				FF8C832F17AB14B5000166FC /* Sources */,
				FF8C833017AB14B5000166FC /* Frameworks */,
				FF8C833117AB14B5000166FC /* Resources */,
			);
			buildRules = (
			);
			dependencies = (
			);
			name = "Turn Touch App";
			productName = "Turn Touch App";
			productReference = FF8C833317AB14B5000166FC /* Turn Touch App.app */;
			productType = "com.apple.product-type.application";
		};
/* End PBXNativeTarget section */

/* Begin PBXProject section */
		FF8C832B17AB14B5000166FC /* Project object */ = {
			isa = PBXProject;
			attributes = {
				CLASSPREFIX = TT;
				LastUpgradeCheck = 0500;
				ORGANIZATIONNAME = "Turn Touch";
				TargetAttributes = {
					FF8C833217AB14B5000166FC = {
						DevelopmentTeam = HR7P97SD72;
					};
				};
			};
			buildConfigurationList = FF8C832E17AB14B5000166FC /* Build configuration list for PBXProject "Turn Touch App" */;
			compatibilityVersion = "Xcode 3.2";
			developmentRegion = English;
			hasScannedForEncodings = 0;
			knownRegions = (
				en,
			);
			mainGroup = FF8C832A17AB14B5000166FC;
			productRefGroup = FF8C833417AB14B5000166FC /* Products */;
			projectDirPath = "";
			projectRoot = "";
			targets = (
				FF8C833217AB14B5000166FC /* Turn Touch App */,
			);
		};
/* End PBXProject section */

/* Begin PBXResourcesBuildPhase section */
		FF8C833117AB14B5000166FC /* Resources */ = {
			isa = PBXResourcesBuildPhase;
			buildActionMask = 2147483647;
			files = (
				FF8C834117AB14B5000166FC /* InfoPlist.strings in Resources */,
				FF8C834717AB14B5000166FC /* Credits.rtf in Resources */,
				FF8C834D17AB14B5000166FC /* MainMenu.xib in Resources */,
				FF3A9F6517C42B5E00C5C2D5 /* menulet_icon.png in Resources */,
				FF3A9F6617C42B5E00C5C2D5 /* menulet_icon_active.png in Resources */,
				FF3A9F7717C4358000C5C2D5 /* TTPanel.xib in Resources */,
				FF3A9F7C17C442BB00C5C2D5 /* menulet_icon@2x.png in Resources */,
				FF3A9F7E17C4434F00C5C2D5 /* menulet_icon_active@2x.png in Resources */,
			);
			runOnlyForDeploymentPostprocessing = 0;
		};
/* End PBXResourcesBuildPhase section */

/* Begin PBXSourcesBuildPhase section */
		FF8C832F17AB14B5000166FC /* Sources */ = {
			isa = PBXSourcesBuildPhase;
			buildActionMask = 2147483647;
			files = (
				FF8C834317AB14B5000166FC /* main.m in Sources */,
				FF8C834A17AB14B5000166FC /* TTAppDelegate.m in Sources */,
				FF4E2630182317D000D477F6 /* TTSerialMonitor.m in Sources */,
				FF0E12C218242DF000D49EC7 /* TTButtonTimer.m in Sources */,
				FF3A9F6C17C4351B00C5C2D5 /* TTPanelController.m in Sources */,
				FF4F9AFD1829B1B800D2F975 /* TTModeMenuContainer.m in Sources */,
				FF4F9B001829B1D300D2F975 /* TTModeMenuItem.m in Sources */,
				FF3A9F6F17C4353300C5C2D5 /* TTPanel.m in Sources */,
				FF0E12BB1824286600D49EC7 /* TTDiamond.m in Sources */,
				FF4F9AFA1829B1A900D2F975 /* TTModeMenuViewport.m in Sources */,
				FF0E12CA18247BAE00D49EC7 /* TTMode.m in Sources */,
				FF3A9F7217C4354A00C5C2D5 /* TTStatusItemView.m in Sources */,
				FF3A9F7517C4355B00C5C2D5 /* TTBackgroundView.m in Sources */,
				FF3A9F7A17C436DC00C5C2D5 /* TTMenubarController.m in Sources */,
				FF0E12CF18247D6100D49EC7 /* TTModeMusic.m in Sources */,
				FF0E12D41828560000D49EC7 /* TTModeVideo.m in Sources */,
				FF0E12B81824285100D49EC7 /* TTDiamondView.m in Sources */,
			);
			runOnlyForDeploymentPostprocessing = 0;
		};
/* End PBXSourcesBuildPhase section */

/* Begin PBXVariantGroup section */
		FF8C833F17AB14B5000166FC /* InfoPlist.strings */ = {
			isa = PBXVariantGroup;
			children = (
				FF8C834017AB14B5000166FC /* en */,
			);
			name = InfoPlist.strings;
			sourceTree = "<group>";
		};
		FF8C834517AB14B5000166FC /* Credits.rtf */ = {
			isa = PBXVariantGroup;
			children = (
				FF8C834617AB14B5000166FC /* en */,
			);
			name = Credits.rtf;
			sourceTree = "<group>";
		};
		FF8C834B17AB14B5000166FC /* MainMenu.xib */ = {
			isa = PBXVariantGroup;
			children = (
				FF8C834C17AB14B5000166FC /* en */,
			);
			name = MainMenu.xib;
			sourceTree = "<group>";
		};
/* End PBXVariantGroup section */

/* Begin XCBuildConfiguration section */
		FF8C834E17AB14B5000166FC /* Debug */ = {
			isa = XCBuildConfiguration;
			buildSettings = {
				ALWAYS_SEARCH_USER_PATHS = NO;
				CLANG_CXX_LANGUAGE_STANDARD = "gnu++0x";
				CLANG_CXX_LIBRARY = "libc++";
				CLANG_ENABLE_OBJC_ARC = YES;
				CLANG_WARN_CONSTANT_CONVERSION = YES;
				CLANG_WARN_EMPTY_BODY = YES;
				CLANG_WARN_ENUM_CONVERSION = YES;
				CLANG_WARN_INT_CONVERSION = YES;
				CLANG_WARN__DUPLICATE_METHOD_MATCH = YES;
				COPY_PHASE_STRIP = NO;
				GCC_C_LANGUAGE_STANDARD = gnu99;
				GCC_DYNAMIC_NO_PIC = NO;
				GCC_ENABLE_OBJC_EXCEPTIONS = YES;
				GCC_OPTIMIZATION_LEVEL = 0;
				GCC_PREPROCESSOR_DEFINITIONS = (
					"DEBUG=1",
					"$(inherited)",
				);
				GCC_SYMBOLS_PRIVATE_EXTERN = NO;
				GCC_WARN_64_TO_32_BIT_CONVERSION = YES;
				GCC_WARN_ABOUT_RETURN_TYPE = YES;
				GCC_WARN_UNINITIALIZED_AUTOS = YES;
				GCC_WARN_UNUSED_VARIABLE = YES;
				MACOSX_DEPLOYMENT_TARGET = 10.8;
				ONLY_ACTIVE_ARCH = YES;
				SDKROOT = macosx;
			};
			name = Debug;
		};
		FF8C834F17AB14B5000166FC /* Release */ = {
			isa = XCBuildConfiguration;
			buildSettings = {
				ALWAYS_SEARCH_USER_PATHS = NO;
				CLANG_CXX_LANGUAGE_STANDARD = "gnu++0x";
				CLANG_CXX_LIBRARY = "libc++";
				CLANG_ENABLE_OBJC_ARC = YES;
				CLANG_WARN_CONSTANT_CONVERSION = YES;
				CLANG_WARN_EMPTY_BODY = YES;
				CLANG_WARN_ENUM_CONVERSION = YES;
				CLANG_WARN_INT_CONVERSION = YES;
				CLANG_WARN__DUPLICATE_METHOD_MATCH = YES;
				COPY_PHASE_STRIP = YES;
				DEBUG_INFORMATION_FORMAT = "dwarf-with-dsym";
				GCC_C_LANGUAGE_STANDARD = gnu99;
				GCC_ENABLE_OBJC_EXCEPTIONS = YES;
				GCC_WARN_64_TO_32_BIT_CONVERSION = YES;
				GCC_WARN_ABOUT_RETURN_TYPE = YES;
				GCC_WARN_UNINITIALIZED_AUTOS = YES;
				GCC_WARN_UNUSED_VARIABLE = YES;
				MACOSX_DEPLOYMENT_TARGET = 10.8;
				SDKROOT = macosx;
			};
			name = Release;
		};
		FF8C835117AB14B5000166FC /* Debug */ = {
			isa = XCBuildConfiguration;
			buildSettings = {
				CODE_SIGN_IDENTITY = "Mac Developer";
				"CODE_SIGN_IDENTITY[sdk=macosx*]" = "Mac Developer";
				COMBINE_HIDPI_IMAGES = YES;
				GCC_PRECOMPILE_PREFIX_HEADER = YES;
				GCC_PREFIX_HEADER = "Turn Touch App/Turn Touch App-Prefix.pch";
				INFOPLIST_FILE = "Turn Touch App/Turn Touch App-Info.plist";
				MACOSX_DEPLOYMENT_TARGET = 10.7;
				PRODUCT_NAME = "$(TARGET_NAME)";
				PROVISIONING_PROFILE = "";
				WRAPPER_EXTENSION = app;
			};
			name = Debug;
		};
		FF8C835217AB14B5000166FC /* Release */ = {
			isa = XCBuildConfiguration;
			buildSettings = {
				CODE_SIGN_IDENTITY = "Mac Developer";
				"CODE_SIGN_IDENTITY[sdk=macosx*]" = "Mac Developer";
				COMBINE_HIDPI_IMAGES = YES;
				GCC_PRECOMPILE_PREFIX_HEADER = YES;
				GCC_PREFIX_HEADER = "Turn Touch App/Turn Touch App-Prefix.pch";
				INFOPLIST_FILE = "Turn Touch App/Turn Touch App-Info.plist";
				MACOSX_DEPLOYMENT_TARGET = 10.7;
				PRODUCT_NAME = "$(TARGET_NAME)";
				PROVISIONING_PROFILE = "";
				WRAPPER_EXTENSION = app;
			};
			name = Release;
		};
/* End XCBuildConfiguration section */

/* Begin XCConfigurationList section */
		FF8C832E17AB14B5000166FC /* Build configuration list for PBXProject "Turn Touch App" */ = {
			isa = XCConfigurationList;
			buildConfigurations = (
				FF8C834E17AB14B5000166FC /* Debug */,
				FF8C834F17AB14B5000166FC /* Release */,
			);
			defaultConfigurationIsVisible = 0;
			defaultConfigurationName = Release;
		};
		FF8C835017AB14B5000166FC /* Build configuration list for PBXNativeTarget "Turn Touch App" */ = {
			isa = XCConfigurationList;
			buildConfigurations = (
				FF8C835117AB14B5000166FC /* Debug */,
				FF8C835217AB14B5000166FC /* Release */,
			);
			defaultConfigurationIsVisible = 0;
			defaultConfigurationName = Release;
		};
/* End XCConfigurationList section */
	};
	rootObject = FF8C832B17AB14B5000166FC /* Project object */;
}
