// !$*UTF8*$!
{
	archiveVersion = 1;
	classes = {
	};
	objectVersion = 46;
	objects = {

/* Begin PBXBuildFile section */
		FF0E12B81824285100D49EC7 /* TTDiamondView.m in Sources */ = {isa = PBXBuildFile; fileRef = FF0E12B71824285100D49EC7 /* TTDiamondView.m */; };
		FF0E12BB1824286600D49EC7 /* TTModeMap.m in Sources */ = {isa = PBXBuildFile; fileRef = FF0E12BA1824286600D49EC7 /* TTModeMap.m */; };
		FF0E12C218242DF000D49EC7 /* TTButtonTimer.m in Sources */ = {isa = PBXBuildFile; fileRef = FF0E12C118242DF000D49EC7 /* TTButtonTimer.m */; };
		FF0E12CA18247BAE00D49EC7 /* TTMode.m in Sources */ = {isa = PBXBuildFile; fileRef = FF0E12C918247BAE00D49EC7 /* TTMode.m */; };
		FF0E12CF18247D6100D49EC7 /* TTModeMusic.m in Sources */ = {isa = PBXBuildFile; fileRef = FF0E12CE18247D6100D49EC7 /* TTModeMusic.m */; };
		FF0E12D11824811200D49EC7 /* ScriptingBridge.framework in Frameworks */ = {isa = PBXBuildFile; fileRef = FF0E12D01824811200D49EC7 /* ScriptingBridge.framework */; };
		FF0E12D41828560000D49EC7 /* TTModeVideo.m in Sources */ = {isa = PBXBuildFile; fileRef = FF0E12D31828560000D49EC7 /* TTModeVideo.m */; };
		FF32222E1857B549004078AA /* TTModePreferencePane.m in Sources */ = {isa = PBXBuildFile; fileRef = FF32222D1857B549004078AA /* TTModePreferencePane.m */; };
		FF3A9F6F17C4353300C5C2D5 /* TTPanel.m in Sources */ = {isa = PBXBuildFile; fileRef = FF3A9F6E17C4353300C5C2D5 /* TTPanel.m */; };
		FF3A9F7217C4354A00C5C2D5 /* TTStatusItemView.m in Sources */ = {isa = PBXBuildFile; fileRef = FF3A9F7117C4354A00C5C2D5 /* TTStatusItemView.m */; };
		FF3A9F7517C4355B00C5C2D5 /* TTBackgroundView.m in Sources */ = {isa = PBXBuildFile; fileRef = FF3A9F7417C4355B00C5C2D5 /* TTBackgroundView.m */; };
		FF3A9F7717C4358000C5C2D5 /* TTPanel.xib in Resources */ = {isa = PBXBuildFile; fileRef = FF3A9F7617C4358000C5C2D5 /* TTPanel.xib */; };
		FF4E2630182317D000D477F6 /* TTSerialMonitor.m in Sources */ = {isa = PBXBuildFile; fileRef = FF4E262F182317D000D477F6 /* TTSerialMonitor.m */; };
		FF4E26321823197D00D477F6 /* IOKit.framework in Frameworks */ = {isa = PBXBuildFile; fileRef = FF4E26311823197D00D477F6 /* IOKit.framework */; };
		FF4F9AFA1829B1A900D2F975 /* TTModeMenuViewport.m in Sources */ = {isa = PBXBuildFile; fileRef = FF4F9AF91829B1A900D2F975 /* TTModeMenuViewport.m */; };
		FF4F9AFD1829B1B800D2F975 /* TTModeMenuContainer.m in Sources */ = {isa = PBXBuildFile; fileRef = FF4F9AFC1829B1B800D2F975 /* TTModeMenuContainer.m */; };
		FF4F9B001829B1D300D2F975 /* TTModeMenuItem.m in Sources */ = {isa = PBXBuildFile; fileRef = FF4F9AFF1829B1D300D2F975 /* TTModeMenuItem.m */; };
		FF7A1C6F1868FD72005FA756 /* QuartzCore.framework in Frameworks */ = {isa = PBXBuildFile; fileRef = FF98A30C1868F1120032CC7A /* QuartzCore.framework */; };
		FF8012F318692D0A00955218 /* TTModeMac.m in Sources */ = {isa = PBXBuildFile; fileRef = FF8012F218692D0A00955218 /* TTModeMac.m */; };
		FF8012F5186A1AD100955218 /* defaults.plist in Resources */ = {isa = PBXBuildFile; fileRef = FF8012F4186A1AD100955218 /* defaults.plist */; };
		FF8C833717AB14B5000166FC /* Cocoa.framework in Frameworks */ = {isa = PBXBuildFile; fileRef = FF8C833617AB14B5000166FC /* Cocoa.framework */; };
		FF8C834117AB14B5000166FC /* InfoPlist.strings in Resources */ = {isa = PBXBuildFile; fileRef = FF8C833F17AB14B5000166FC /* InfoPlist.strings */; };
		FF8C834717AB14B5000166FC /* Credits.rtf in Resources */ = {isa = PBXBuildFile; fileRef = FF8C834517AB14B5000166FC /* Credits.rtf */; };
		FF8C834A17AB14B5000166FC /* TTAppDelegate.m in Sources */ = {isa = PBXBuildFile; fileRef = FF8C834917AB14B5000166FC /* TTAppDelegate.m */; };
		FF8C834D17AB14B5000166FC /* MainMenu.xib in Resources */ = {isa = PBXBuildFile; fileRef = FF8C834B17AB14B5000166FC /* MainMenu.xib */; };
		FF98A2E11867DBA40032CC7A /* TTActionMap.m in Sources */ = {isa = PBXBuildFile; fileRef = FF98A2E01867DBA40032CC7A /* TTActionMap.m */; };
		FF98A2E71867DBE70032CC7A /* TTMenubarController.m in Sources */ = {isa = PBXBuildFile; fileRef = FF98A2E31867DBE70032CC7A /* TTMenubarController.m */; };
		FF98A2E81867DBE70032CC7A /* TTPanelController.m in Sources */ = {isa = PBXBuildFile; fileRef = FF98A2E51867DBE70032CC7A /* TTPanelController.m */; };
		FF98A2ED1867DC320032CC7A /* main.m in Sources */ = {isa = PBXBuildFile; fileRef = FF98A2E91867DC320032CC7A /* main.m */; };
		FF98A2EF1867DC320032CC7A /* Turn Touch App.entitlements in Resources */ = {isa = PBXBuildFile; fileRef = FF98A2EC1867DC320032CC7A /* Turn Touch App.entitlements */; };
		FF98A2FB1867E8EC0032CC7A /* ORSSerialPort.m in Sources */ = {isa = PBXBuildFile; fileRef = FF98A2F81867E8EC0032CC7A /* ORSSerialPort.m */; };
		FF98A2FC1867E8EC0032CC7A /* ORSSerialPortManager.m in Sources */ = {isa = PBXBuildFile; fileRef = FF98A2FA1867E8EC0032CC7A /* ORSSerialPortManager.m */; };
		FF98A3031868D3F90032CC7A /* imac.png in Resources */ = {isa = PBXBuildFile; fileRef = FF98A3011868D3F90032CC7A /* imac.png */; };
		FF98A3041868D3F90032CC7A /* macbookpro.png in Resources */ = {isa = PBXBuildFile; fileRef = FF98A3021868D3F90032CC7A /* macbookpro.png */; };
		FF98A3071868DAE10032CC7A /* TTModeChangeButton.m in Sources */ = {isa = PBXBuildFile; fileRef = FF98A3061868DAE10032CC7A /* TTModeChangeButton.m */; };
		FFAA4F4E182C99F30049FFC7 /* TTDiamondLabels.m in Sources */ = {isa = PBXBuildFile; fileRef = FFAA4F4D182C99F30049FFC7 /* TTDiamondLabels.m */; };
		FFAA4F5E182D96D60049FFC7 /* cog.png in Resources */ = {isa = PBXBuildFile; fileRef = FFAA4F52182D96D60049FFC7 /* cog.png */; };
		FFAA4F5F182D96D60049FFC7 /* equalizer-1.png in Resources */ = {isa = PBXBuildFile; fileRef = FFAA4F53182D96D60049FFC7 /* equalizer-1.png */; };
		FFAA4F60182D96D60049FFC7 /* filmstrip-3.png in Resources */ = {isa = PBXBuildFile; fileRef = FFAA4F54182D96D60049FFC7 /* filmstrip-3.png */; };
		FFAA4F61182D96D60049FFC7 /* heart.png in Resources */ = {isa = PBXBuildFile; fileRef = FFAA4F55182D96D60049FFC7 /* heart.png */; };
		FFAA4F62182D96D60049FFC7 /* icon_movie.png in Resources */ = {isa = PBXBuildFile; fileRef = FFAA4F56182D96D60049FFC7 /* icon_movie.png */; };
		FFAA4F63182D96D60049FFC7 /* icon_music.png in Resources */ = {isa = PBXBuildFile; fileRef = FFAA4F57182D96D60049FFC7 /* icon_music.png */; };
		FFAA4F64182D96D60049FFC7 /* newspaper-3.png in Resources */ = {isa = PBXBuildFile; fileRef = FFAA4F58182D96D60049FFC7 /* newspaper-3.png */; };
		FFAA4F65182D96D60049FFC7 /* presentation-chart.png in Resources */ = {isa = PBXBuildFile; fileRef = FFAA4F59182D96D60049FFC7 /* presentation-chart.png */; };
		FFAA4F66182D96D60049FFC7 /* speaker.png in Resources */ = {isa = PBXBuildFile; fileRef = FFAA4F5A182D96D60049FFC7 /* speaker.png */; };
		FFAA4F67182D96D60049FFC7 /* sun.png in Resources */ = {isa = PBXBuildFile; fileRef = FFAA4F5B182D96D60049FFC7 /* sun.png */; };
		FFAA4F68182D96D60049FFC7 /* television.png in Resources */ = {isa = PBXBuildFile; fileRef = FFAA4F5C182D96D60049FFC7 /* television.png */; };
		FFAA4F69182D96D60049FFC7 /* vynil.png in Resources */ = {isa = PBXBuildFile; fileRef = FFAA4F5D182D96D60049FFC7 /* vynil.png */; };
		FFAA4F6F182D99640049FFC7 /* TTModeAlarmClock.m in Sources */ = {isa = PBXBuildFile; fileRef = FFAA4F6E182D99640049FFC7 /* TTModeAlarmClock.m */; };
		FFAA4F72182D9A5F0049FFC7 /* TTModeNews.m in Sources */ = {isa = PBXBuildFile; fileRef = FFAA4F71182D9A5F0049FFC7 /* TTModeNews.m */; };
/* End PBXBuildFile section */

/* Begin PBXFileReference section */
		FF0E12B61824285100D49EC7 /* TTDiamondView.h */ = {isa = PBXFileReference; fileEncoding = 4; lastKnownFileType = sourcecode.c.h; name = TTDiamondView.h; path = Views/TTDiamondView.h; sourceTree = "<group>"; };
		FF0E12B71824285100D49EC7 /* TTDiamondView.m */ = {isa = PBXFileReference; fileEncoding = 4; lastKnownFileType = sourcecode.c.objc; name = TTDiamondView.m; path = Views/TTDiamondView.m; sourceTree = "<group>"; };
		FF0E12B91824286600D49EC7 /* TTModeMap.h */ = {isa = PBXFileReference; fileEncoding = 4; lastKnownFileType = sourcecode.c.h; name = TTModeMap.h; path = Models/TTModeMap.h; sourceTree = "<group>"; };
		FF0E12BA1824286600D49EC7 /* TTModeMap.m */ = {isa = PBXFileReference; fileEncoding = 4; lastKnownFileType = sourcecode.c.objc; name = TTModeMap.m; path = Models/TTModeMap.m; sourceTree = "<group>"; };
		FF0E12C018242DF000D49EC7 /* TTButtonTimer.h */ = {isa = PBXFileReference; fileEncoding = 4; lastKnownFileType = sourcecode.c.h; name = TTButtonTimer.h; path = SerialMonitor/TTButtonTimer.h; sourceTree = "<group>"; };
		FF0E12C118242DF000D49EC7 /* TTButtonTimer.m */ = {isa = PBXFileReference; fileEncoding = 4; lastKnownFileType = sourcecode.c.objc; name = TTButtonTimer.m; path = SerialMonitor/TTButtonTimer.m; sourceTree = "<group>"; };
		FF0E12C3182477CB00D49EC7 /* TTModeProtocol.h */ = {isa = PBXFileReference; lastKnownFileType = sourcecode.c.h; name = TTModeProtocol.h; path = Models/TTModeProtocol.h; sourceTree = "<group>"; };
		FF0E12C818247BAE00D49EC7 /* TTMode.h */ = {isa = PBXFileReference; fileEncoding = 4; lastKnownFileType = sourcecode.c.h; name = TTMode.h; path = Models/TTMode.h; sourceTree = "<group>"; };
		FF0E12C918247BAE00D49EC7 /* TTMode.m */ = {isa = PBXFileReference; fileEncoding = 4; lastKnownFileType = sourcecode.c.objc; name = TTMode.m; path = Models/TTMode.m; sourceTree = "<group>"; };
		FF0E12CC18247D4600D49EC7 /* iTunes.h */ = {isa = PBXFileReference; lastKnownFileType = sourcecode.c.h; name = iTunes.h; path = Modes/Music/iTunes.h; sourceTree = "<group>"; };
		FF0E12CD18247D6100D49EC7 /* TTModeMusic.h */ = {isa = PBXFileReference; fileEncoding = 4; lastKnownFileType = sourcecode.c.h; name = TTModeMusic.h; path = Modes/Music/TTModeMusic.h; sourceTree = "<group>"; };
		FF0E12CE18247D6100D49EC7 /* TTModeMusic.m */ = {isa = PBXFileReference; fileEncoding = 4; lastKnownFileType = sourcecode.c.objc; name = TTModeMusic.m; path = Modes/Music/TTModeMusic.m; sourceTree = "<group>"; };
		FF0E12D01824811200D49EC7 /* ScriptingBridge.framework */ = {isa = PBXFileReference; lastKnownFileType = wrapper.framework; name = ScriptingBridge.framework; path = System/Library/Frameworks/ScriptingBridge.framework; sourceTree = SDKROOT; };
		FF0E12D21828560000D49EC7 /* TTModeVideo.h */ = {isa = PBXFileReference; fileEncoding = 4; lastKnownFileType = sourcecode.c.h; name = TTModeVideo.h; path = Modes/Video/TTModeVideo.h; sourceTree = "<group>"; };
		FF0E12D31828560000D49EC7 /* TTModeVideo.m */ = {isa = PBXFileReference; fileEncoding = 4; lastKnownFileType = sourcecode.c.objc; name = TTModeVideo.m; path = Modes/Video/TTModeVideo.m; sourceTree = "<group>"; };
		FF0E12D61828569300D49EC7 /* Quicktime.h */ = {isa = PBXFileReference; lastKnownFileType = sourcecode.c.h; name = Quicktime.h; path = Modes/Video/Quicktime.h; sourceTree = "<group>"; };
		FF0E12D71828569300D49EC7 /* VLC.h */ = {isa = PBXFileReference; lastKnownFileType = sourcecode.c.h; name = VLC.h; path = Modes/Video/VLC.h; sourceTree = "<group>"; };
		FF32222C1857B549004078AA /* TTModePreferencePane.h */ = {isa = PBXFileReference; fileEncoding = 4; lastKnownFileType = sourcecode.c.h; name = TTModePreferencePane.h; path = Views/TTModePreferencePane.h; sourceTree = "<group>"; };
		FF32222D1857B549004078AA /* TTModePreferencePane.m */ = {isa = PBXFileReference; fileEncoding = 4; lastKnownFileType = sourcecode.c.objc; name = TTModePreferencePane.m; path = Views/TTModePreferencePane.m; sourceTree = "<group>"; };
		FF3A9F6D17C4353300C5C2D5 /* TTPanel.h */ = {isa = PBXFileReference; fileEncoding = 4; lastKnownFileType = sourcecode.c.h; name = TTPanel.h; path = Views/TTPanel.h; sourceTree = "<group>"; };
		FF3A9F6E17C4353300C5C2D5 /* TTPanel.m */ = {isa = PBXFileReference; fileEncoding = 4; lastKnownFileType = sourcecode.c.objc; name = TTPanel.m; path = Views/TTPanel.m; sourceTree = "<group>"; };
		FF3A9F7017C4354A00C5C2D5 /* TTStatusItemView.h */ = {isa = PBXFileReference; fileEncoding = 4; lastKnownFileType = sourcecode.c.h; name = TTStatusItemView.h; path = Views/TTStatusItemView.h; sourceTree = "<group>"; };
		FF3A9F7117C4354A00C5C2D5 /* TTStatusItemView.m */ = {isa = PBXFileReference; fileEncoding = 4; lastKnownFileType = sourcecode.c.objc; name = TTStatusItemView.m; path = Views/TTStatusItemView.m; sourceTree = "<group>"; };
		FF3A9F7317C4355B00C5C2D5 /* TTBackgroundView.h */ = {isa = PBXFileReference; fileEncoding = 4; lastKnownFileType = sourcecode.c.h; name = TTBackgroundView.h; path = Views/TTBackgroundView.h; sourceTree = "<group>"; };
		FF3A9F7417C4355B00C5C2D5 /* TTBackgroundView.m */ = {isa = PBXFileReference; fileEncoding = 4; lastKnownFileType = sourcecode.c.objc; name = TTBackgroundView.m; path = Views/TTBackgroundView.m; sourceTree = "<group>"; };
		FF3A9F7617C4358000C5C2D5 /* TTPanel.xib */ = {isa = PBXFileReference; fileEncoding = 4; lastKnownFileType = file.xib; name = TTPanel.xib; path = Views/TTPanel.xib; sourceTree = "<group>"; };
		FF4E262E182317D000D477F6 /* TTSerialMonitor.h */ = {isa = PBXFileReference; fileEncoding = 4; lastKnownFileType = sourcecode.c.h; name = TTSerialMonitor.h; path = SerialMonitor/TTSerialMonitor.h; sourceTree = "<group>"; };
		FF4E262F182317D000D477F6 /* TTSerialMonitor.m */ = {isa = PBXFileReference; fileEncoding = 4; lastKnownFileType = sourcecode.c.objc; name = TTSerialMonitor.m; path = SerialMonitor/TTSerialMonitor.m; sourceTree = "<group>"; };
		FF4E26311823197D00D477F6 /* IOKit.framework */ = {isa = PBXFileReference; lastKnownFileType = wrapper.framework; name = IOKit.framework; path = System/Library/Frameworks/IOKit.framework; sourceTree = SDKROOT; };
		FF4F9AF6182881FF00D2F975 /* AppleScriptObjC.framework */ = {isa = PBXFileReference; lastKnownFileType = wrapper.framework; name = AppleScriptObjC.framework; path = System/Library/Frameworks/AppleScriptObjC.framework; sourceTree = SDKROOT; };
		FF4F9AF81829B1A900D2F975 /* TTModeMenuViewport.h */ = {isa = PBXFileReference; fileEncoding = 4; lastKnownFileType = sourcecode.c.h; name = TTModeMenuViewport.h; path = Views/TTModeMenuViewport.h; sourceTree = "<group>"; };
		FF4F9AF91829B1A900D2F975 /* TTModeMenuViewport.m */ = {isa = PBXFileReference; fileEncoding = 4; lastKnownFileType = sourcecode.c.objc; name = TTModeMenuViewport.m; path = Views/TTModeMenuViewport.m; sourceTree = "<group>"; };
		FF4F9AFB1829B1B800D2F975 /* TTModeMenuContainer.h */ = {isa = PBXFileReference; fileEncoding = 4; lastKnownFileType = sourcecode.c.h; name = TTModeMenuContainer.h; path = Views/TTModeMenuContainer.h; sourceTree = "<group>"; };
		FF4F9AFC1829B1B800D2F975 /* TTModeMenuContainer.m */ = {isa = PBXFileReference; fileEncoding = 4; lastKnownFileType = sourcecode.c.objc; name = TTModeMenuContainer.m; path = Views/TTModeMenuContainer.m; sourceTree = "<group>"; };
		FF4F9AFE1829B1D300D2F975 /* TTModeMenuItem.h */ = {isa = PBXFileReference; fileEncoding = 4; lastKnownFileType = sourcecode.c.h; name = TTModeMenuItem.h; path = Views/TTModeMenuItem.h; sourceTree = "<group>"; };
		FF4F9AFF1829B1D300D2F975 /* TTModeMenuItem.m */ = {isa = PBXFileReference; fileEncoding = 4; lastKnownFileType = sourcecode.c.objc; name = TTModeMenuItem.m; path = Views/TTModeMenuItem.m; sourceTree = "<group>"; };
		FF8012F118692D0A00955218 /* TTModeMac.h */ = {isa = PBXFileReference; fileEncoding = 4; lastKnownFileType = sourcecode.c.h; name = TTModeMac.h; path = Modes/Mac/TTModeMac.h; sourceTree = "<group>"; };
		FF8012F218692D0A00955218 /* TTModeMac.m */ = {isa = PBXFileReference; fileEncoding = 4; lastKnownFileType = sourcecode.c.objc; name = TTModeMac.m; path = Modes/Mac/TTModeMac.m; sourceTree = "<group>"; };
		FF8012F4186A1AD100955218 /* defaults.plist */ = {isa = PBXFileReference; fileEncoding = 4; lastKnownFileType = text.plist.xml; name = defaults.plist; path = "Supporting Files/defaults.plist"; sourceTree = "<group>"; };
		FF8C833317AB14B5000166FC /* Turn Touch App.app */ = {isa = PBXFileReference; explicitFileType = wrapper.application; includeInIndex = 0; path = "Turn Touch App.app"; sourceTree = BUILT_PRODUCTS_DIR; };
		FF8C833617AB14B5000166FC /* Cocoa.framework */ = {isa = PBXFileReference; lastKnownFileType = wrapper.framework; name = Cocoa.framework; path = System/Library/Frameworks/Cocoa.framework; sourceTree = SDKROOT; };
		FF8C833917AB14B5000166FC /* AppKit.framework */ = {isa = PBXFileReference; lastKnownFileType = wrapper.framework; name = AppKit.framework; path = System/Library/Frameworks/AppKit.framework; sourceTree = SDKROOT; };
		FF8C833A17AB14B5000166FC /* CoreData.framework */ = {isa = PBXFileReference; lastKnownFileType = wrapper.framework; name = CoreData.framework; path = System/Library/Frameworks/CoreData.framework; sourceTree = SDKROOT; };
		FF8C833B17AB14B5000166FC /* Foundation.framework */ = {isa = PBXFileReference; lastKnownFileType = wrapper.framework; name = Foundation.framework; path = System/Library/Frameworks/Foundation.framework; sourceTree = SDKROOT; };
		FF8C834017AB14B5000166FC /* en */ = {isa = PBXFileReference; lastKnownFileType = text.plist.strings; name = en; path = en.lproj/InfoPlist.strings; sourceTree = "<group>"; };
		FF8C834617AB14B5000166FC /* en */ = {isa = PBXFileReference; lastKnownFileType = text.rtf; name = en; path = en.lproj/Credits.rtf; sourceTree = "<group>"; };
		FF8C834817AB14B5000166FC /* TTAppDelegate.h */ = {isa = PBXFileReference; lastKnownFileType = sourcecode.c.h; path = TTAppDelegate.h; sourceTree = "<group>"; };
		FF8C834917AB14B5000166FC /* TTAppDelegate.m */ = {isa = PBXFileReference; lastKnownFileType = sourcecode.c.objc; path = TTAppDelegate.m; sourceTree = "<group>"; };
		FF8C834C17AB14B5000166FC /* en */ = {isa = PBXFileReference; lastKnownFileType = file.xib; name = en; path = en.lproj/MainMenu.xib; sourceTree = "<group>"; };
		FF98A2DF1867DBA40032CC7A /* TTActionMap.h */ = {isa = PBXFileReference; fileEncoding = 4; lastKnownFileType = sourcecode.c.h; name = TTActionMap.h; path = Models/TTActionMap.h; sourceTree = "<group>"; };
		FF98A2E01867DBA40032CC7A /* TTActionMap.m */ = {isa = PBXFileReference; fileEncoding = 4; lastKnownFileType = sourcecode.c.objc; name = TTActionMap.m; path = Models/TTActionMap.m; sourceTree = "<group>"; };
		FF98A2E21867DBE70032CC7A /* TTMenubarController.h */ = {isa = PBXFileReference; fileEncoding = 4; lastKnownFileType = sourcecode.c.h; name = TTMenubarController.h; path = Controllers/TTMenubarController.h; sourceTree = "<group>"; };
		FF98A2E31867DBE70032CC7A /* TTMenubarController.m */ = {isa = PBXFileReference; fileEncoding = 4; lastKnownFileType = sourcecode.c.objc; name = TTMenubarController.m; path = Controllers/TTMenubarController.m; sourceTree = "<group>"; };
		FF98A2E41867DBE70032CC7A /* TTPanelController.h */ = {isa = PBXFileReference; fileEncoding = 4; lastKnownFileType = sourcecode.c.h; name = TTPanelController.h; path = Controllers/TTPanelController.h; sourceTree = "<group>"; };
		FF98A2E51867DBE70032CC7A /* TTPanelController.m */ = {isa = PBXFileReference; fileEncoding = 4; lastKnownFileType = sourcecode.c.objc; name = TTPanelController.m; path = Controllers/TTPanelController.m; sourceTree = "<group>"; };
		FF98A2E61867DBE70032CC7A /* TTPanelDelegate.h */ = {isa = PBXFileReference; fileEncoding = 4; lastKnownFileType = sourcecode.c.h; name = TTPanelDelegate.h; path = Controllers/TTPanelDelegate.h; sourceTree = "<group>"; };
		FF98A2E91867DC320032CC7A /* main.m */ = {isa = PBXFileReference; fileEncoding = 4; lastKnownFileType = sourcecode.c.objc; name = main.m; path = "Supporting Files/main.m"; sourceTree = "<group>"; };
		FF98A2EA1867DC320032CC7A /* Turn Touch App-Info.plist */ = {isa = PBXFileReference; fileEncoding = 4; lastKnownFileType = text.plist.xml; name = "Turn Touch App-Info.plist"; path = "Supporting Files/Turn Touch App-Info.plist"; sourceTree = "<group>"; };
		FF98A2EB1867DC320032CC7A /* Turn Touch App-Prefix.pch */ = {isa = PBXFileReference; fileEncoding = 4; lastKnownFileType = sourcecode.c.h; name = "Turn Touch App-Prefix.pch"; path = "Supporting Files/Turn Touch App-Prefix.pch"; sourceTree = "<group>"; };
		FF98A2EC1867DC320032CC7A /* Turn Touch App.entitlements */ = {isa = PBXFileReference; fileEncoding = 4; lastKnownFileType = text.xml; name = "Turn Touch App.entitlements"; path = "Supporting Files/Turn Touch App.entitlements"; sourceTree = "<group>"; };
		FF98A2F71867E8EC0032CC7A /* ORSSerialPort.h */ = {isa = PBXFileReference; fileEncoding = 4; lastKnownFileType = sourcecode.c.h; name = ORSSerialPort.h; path = SerialMonitor/ORSSerialPort.h; sourceTree = "<group>"; };
		FF98A2F81867E8EC0032CC7A /* ORSSerialPort.m */ = {isa = PBXFileReference; fileEncoding = 4; lastKnownFileType = sourcecode.c.objc; name = ORSSerialPort.m; path = SerialMonitor/ORSSerialPort.m; sourceTree = "<group>"; };
		FF98A2F91867E8EC0032CC7A /* ORSSerialPortManager.h */ = {isa = PBXFileReference; fileEncoding = 4; lastKnownFileType = sourcecode.c.h; name = ORSSerialPortManager.h; path = SerialMonitor/ORSSerialPortManager.h; sourceTree = "<group>"; };
		FF98A2FA1867E8EC0032CC7A /* ORSSerialPortManager.m */ = {isa = PBXFileReference; fileEncoding = 4; lastKnownFileType = sourcecode.c.objc; name = ORSSerialPortManager.m; path = SerialMonitor/ORSSerialPortManager.m; sourceTree = "<group>"; };
		FF98A3011868D3F90032CC7A /* imac.png */ = {isa = PBXFileReference; lastKnownFileType = image.png; name = imac.png; path = icons/imac.png; sourceTree = "<group>"; };
		FF98A3021868D3F90032CC7A /* macbookpro.png */ = {isa = PBXFileReference; lastKnownFileType = image.png; name = macbookpro.png; path = icons/macbookpro.png; sourceTree = "<group>"; };
		FF98A3051868DAE10032CC7A /* TTModeChangeButton.h */ = {isa = PBXFileReference; fileEncoding = 4; lastKnownFileType = sourcecode.c.h; name = TTModeChangeButton.h; path = Views/TTModeChangeButton.h; sourceTree = "<group>"; };
		FF98A3061868DAE10032CC7A /* TTModeChangeButton.m */ = {isa = PBXFileReference; fileEncoding = 4; lastKnownFileType = sourcecode.c.objc; name = TTModeChangeButton.m; path = Views/TTModeChangeButton.m; sourceTree = "<group>"; };
		FF98A30C1868F1120032CC7A /* QuartzCore.framework */ = {isa = PBXFileReference; lastKnownFileType = wrapper.framework; name = QuartzCore.framework; path = System/Library/Frameworks/QuartzCore.framework; sourceTree = SDKROOT; };
		FF98A30E1868F1190032CC7A /* Quartz.framework */ = {isa = PBXFileReference; lastKnownFileType = wrapper.framework; name = Quartz.framework; path = System/Library/Frameworks/Quartz.framework; sourceTree = SDKROOT; };
		FFAA4F4C182C99F30049FFC7 /* TTDiamondLabels.h */ = {isa = PBXFileReference; fileEncoding = 4; lastKnownFileType = sourcecode.c.h; name = TTDiamondLabels.h; path = Views/TTDiamondLabels.h; sourceTree = "<group>"; };
		FFAA4F4D182C99F30049FFC7 /* TTDiamondLabels.m */ = {isa = PBXFileReference; fileEncoding = 4; lastKnownFileType = sourcecode.c.objc; name = TTDiamondLabels.m; path = Views/TTDiamondLabels.m; sourceTree = "<group>"; };
		FFAA4F52182D96D60049FFC7 /* cog.png */ = {isa = PBXFileReference; lastKnownFileType = image.png; name = cog.png; path = icons/cog.png; sourceTree = "<group>"; };
		FFAA4F53182D96D60049FFC7 /* equalizer-1.png */ = {isa = PBXFileReference; lastKnownFileType = image.png; name = "equalizer-1.png"; path = "icons/equalizer-1.png"; sourceTree = "<group>"; };
		FFAA4F54182D96D60049FFC7 /* filmstrip-3.png */ = {isa = PBXFileReference; lastKnownFileType = image.png; name = "filmstrip-3.png"; path = "icons/filmstrip-3.png"; sourceTree = "<group>"; };
		FFAA4F55182D96D60049FFC7 /* heart.png */ = {isa = PBXFileReference; lastKnownFileType = image.png; name = heart.png; path = icons/heart.png; sourceTree = "<group>"; };
		FFAA4F56182D96D60049FFC7 /* icon_movie.png */ = {isa = PBXFileReference; lastKnownFileType = image.png; name = icon_movie.png; path = icons/icon_movie.png; sourceTree = "<group>"; };
		FFAA4F57182D96D60049FFC7 /* icon_music.png */ = {isa = PBXFileReference; lastKnownFileType = image.png; name = icon_music.png; path = icons/icon_music.png; sourceTree = "<group>"; };
		FFAA4F58182D96D60049FFC7 /* newspaper-3.png */ = {isa = PBXFileReference; lastKnownFileType = image.png; name = "newspaper-3.png"; path = "icons/newspaper-3.png"; sourceTree = "<group>"; };
		FFAA4F59182D96D60049FFC7 /* presentation-chart.png */ = {isa = PBXFileReference; lastKnownFileType = image.png; name = "presentation-chart.png"; path = "icons/presentation-chart.png"; sourceTree = "<group>"; };
		FFAA4F5A182D96D60049FFC7 /* speaker.png */ = {isa = PBXFileReference; lastKnownFileType = image.png; name = speaker.png; path = icons/speaker.png; sourceTree = "<group>"; };
		FFAA4F5B182D96D60049FFC7 /* sun.png */ = {isa = PBXFileReference; lastKnownFileType = image.png; name = sun.png; path = icons/sun.png; sourceTree = "<group>"; };
		FFAA4F5C182D96D60049FFC7 /* television.png */ = {isa = PBXFileReference; lastKnownFileType = image.png; name = television.png; path = icons/television.png; sourceTree = "<group>"; };
		FFAA4F5D182D96D60049FFC7 /* vynil.png */ = {isa = PBXFileReference; lastKnownFileType = image.png; name = vynil.png; path = icons/vynil.png; sourceTree = "<group>"; };
		FFAA4F6D182D99640049FFC7 /* TTModeAlarmClock.h */ = {isa = PBXFileReference; fileEncoding = 4; lastKnownFileType = sourcecode.c.h; name = TTModeAlarmClock.h; path = "Modes/Alarm Clock/TTModeAlarmClock.h"; sourceTree = "<group>"; };
		FFAA4F6E182D99640049FFC7 /* TTModeAlarmClock.m */ = {isa = PBXFileReference; fileEncoding = 4; lastKnownFileType = sourcecode.c.objc; name = TTModeAlarmClock.m; path = "Modes/Alarm Clock/TTModeAlarmClock.m"; sourceTree = "<group>"; };
		FFAA4F70182D9A5F0049FFC7 /* TTModeNews.h */ = {isa = PBXFileReference; fileEncoding = 4; lastKnownFileType = sourcecode.c.h; name = TTModeNews.h; path = Modes/News/TTModeNews.h; sourceTree = "<group>"; };
		FFAA4F71182D9A5F0049FFC7 /* TTModeNews.m */ = {isa = PBXFileReference; fileEncoding = 4; lastKnownFileType = sourcecode.c.objc; name = TTModeNews.m; path = Modes/News/TTModeNews.m; sourceTree = "<group>"; };
/* End PBXFileReference section */

/* Begin PBXFrameworksBuildPhase section */
		FF8C833017AB14B5000166FC /* Frameworks */ = {
			isa = PBXFrameworksBuildPhase;
			buildActionMask = 2147483647;
			files = (
				FF7A1C6F1868FD72005FA756 /* QuartzCore.framework in Frameworks */,
				FF0E12D11824811200D49EC7 /* ScriptingBridge.framework in Frameworks */,
				FF4E26321823197D00D477F6 /* IOKit.framework in Frameworks */,
				FF8C833717AB14B5000166FC /* Cocoa.framework in Frameworks */,
			);
			runOnlyForDeploymentPostprocessing = 0;
		};
/* End PBXFrameworksBuildPhase section */

/* Begin PBXGroup section */
		FF0E12B51824283B00D49EC7 /* Models */ = {
			isa = PBXGroup;
			children = (
				FF0E12B91824286600D49EC7 /* TTModeMap.h */,
				FF0E12BA1824286600D49EC7 /* TTModeMap.m */,
				FF0E12C3182477CB00D49EC7 /* TTModeProtocol.h */,
				FF0E12C818247BAE00D49EC7 /* TTMode.h */,
				FF0E12C918247BAE00D49EC7 /* TTMode.m */,
				FF98A2DF1867DBA40032CC7A /* TTActionMap.h */,
				FF98A2E01867DBA40032CC7A /* TTActionMap.m */,
			);
			name = Models;
			sourceTree = "<group>";
		};
		FF0E12BF18242D2F00D49EC7 /* XIBs */ = {
			isa = PBXGroup;
			children = (
				FF8C834B17AB14B5000166FC /* MainMenu.xib */,
				FF3A9F7617C4358000C5C2D5 /* TTPanel.xib */,
			);
			name = XIBs;
			sourceTree = "<group>";
		};
		FF0E12C418247B7A00D49EC7 /* Modes */ = {
			isa = PBXGroup;
			children = (
				FF98A2FD1868D37C0032CC7A /* Mac */,
				FFAA4F6C182D99440049FFC7 /* Alarm Clock */,
				FFAA4F6B182D993F0049FFC7 /* News */,
				FF0E12D51828560400D49EC7 /* Video */,
				FF0E12CB18247D3000D49EC7 /* Music */,
			);
			name = Modes;
			sourceTree = "<group>";
		};
		FF0E12CB18247D3000D49EC7 /* Music */ = {
			isa = PBXGroup;
			children = (
				FF0E12CD18247D6100D49EC7 /* TTModeMusic.h */,
				FF0E12CE18247D6100D49EC7 /* TTModeMusic.m */,
				FF0E12CC18247D4600D49EC7 /* iTunes.h */,
			);
			name = Music;
			sourceTree = "<group>";
		};
		FF0E12D51828560400D49EC7 /* Video */ = {
			isa = PBXGroup;
			children = (
				FF0E12D21828560000D49EC7 /* TTModeVideo.h */,
				FF0E12D31828560000D49EC7 /* TTModeVideo.m */,
				FF0E12D61828569300D49EC7 /* Quicktime.h */,
				FF0E12D71828569300D49EC7 /* VLC.h */,
			);
			name = Video;
			sourceTree = "<group>";
		};
		FF3A9F6217C42B5E00C5C2D5 /* Images */ = {
			isa = PBXGroup;
			children = (
				FFAA4F6A182D96E50049FFC7 /* icons */,
			);
			name = Images;
			path = "Turn Touch App/Images";
			sourceTree = "<group>";
		};
		FF4E26291823154500D477F6 /* Serial Monitor */ = {
			isa = PBXGroup;
			children = (
				FF4E262E182317D000D477F6 /* TTSerialMonitor.h */,
				FF4E262F182317D000D477F6 /* TTSerialMonitor.m */,
				FF0E12C018242DF000D49EC7 /* TTButtonTimer.h */,
				FF0E12C118242DF000D49EC7 /* TTButtonTimer.m */,
				FF98A2F71867E8EC0032CC7A /* ORSSerialPort.h */,
				FF98A2F81867E8EC0032CC7A /* ORSSerialPort.m */,
				FF98A2F91867E8EC0032CC7A /* ORSSerialPortManager.h */,
				FF98A2FA1867E8EC0032CC7A /* ORSSerialPortManager.m */,
			);
			name = "Serial Monitor";
			sourceTree = "<group>";
		};
		FF5F70B217C428F200511AB6 /* Views */ = {
			isa = PBXGroup;
			children = (
				FF3A9F6D17C4353300C5C2D5 /* TTPanel.h */,
				FF3A9F6E17C4353300C5C2D5 /* TTPanel.m */,
				FF3A9F7017C4354A00C5C2D5 /* TTStatusItemView.h */,
				FF3A9F7117C4354A00C5C2D5 /* TTStatusItemView.m */,
				FF3A9F7317C4355B00C5C2D5 /* TTBackgroundView.h */,
				FF3A9F7417C4355B00C5C2D5 /* TTBackgroundView.m */,
				FF0E12B61824285100D49EC7 /* TTDiamondView.h */,
				FF0E12B71824285100D49EC7 /* TTDiamondView.m */,
				FFAA4F4C182C99F30049FFC7 /* TTDiamondLabels.h */,
				FFAA4F4D182C99F30049FFC7 /* TTDiamondLabels.m */,
				FF4F9AF81829B1A900D2F975 /* TTModeMenuViewport.h */,
				FF4F9AF91829B1A900D2F975 /* TTModeMenuViewport.m */,
				FF4F9AFB1829B1B800D2F975 /* TTModeMenuContainer.h */,
				FF4F9AFC1829B1B800D2F975 /* TTModeMenuContainer.m */,
				FF4F9AFE1829B1D300D2F975 /* TTModeMenuItem.h */,
				FF4F9AFF1829B1D300D2F975 /* TTModeMenuItem.m */,
				FF32222C1857B549004078AA /* TTModePreferencePane.h */,
				FF32222D1857B549004078AA /* TTModePreferencePane.m */,
				FF98A3051868DAE10032CC7A /* TTModeChangeButton.h */,
				FF98A3061868DAE10032CC7A /* TTModeChangeButton.m */,
			);
			name = Views;
			sourceTree = "<group>";
		};
		FF5F70B317C428FB00511AB6 /* Controllers */ = {
			isa = PBXGroup;
			children = (
				FF8C834817AB14B5000166FC /* TTAppDelegate.h */,
				FF8C834917AB14B5000166FC /* TTAppDelegate.m */,
				FF98A2E21867DBE70032CC7A /* TTMenubarController.h */,
				FF98A2E31867DBE70032CC7A /* TTMenubarController.m */,
				FF98A2E41867DBE70032CC7A /* TTPanelController.h */,
				FF98A2E51867DBE70032CC7A /* TTPanelController.m */,
				FF98A2E61867DBE70032CC7A /* TTPanelDelegate.h */,
			);
			name = Controllers;
			sourceTree = "<group>";
		};
		FF8C832A17AB14B5000166FC = {
			isa = PBXGroup;
			children = (
				FF8C833C17AB14B5000166FC /* Turn Touch App */,
				FF3A9F6217C42B5E00C5C2D5 /* Images */,
				FF8C833517AB14B5000166FC /* Frameworks */,
				FF8C833417AB14B5000166FC /* Products */,
			);
			sourceTree = "<group>";
		};
		FF8C833417AB14B5000166FC /* Products */ = {
			isa = PBXGroup;
			children = (
				FF8C833317AB14B5000166FC /* Turn Touch App.app */,
			);
			name = Products;
			sourceTree = "<group>";
		};
		FF8C833517AB14B5000166FC /* Frameworks */ = {
			isa = PBXGroup;
			children = (
				FF98A30E1868F1190032CC7A /* Quartz.framework */,
				FF98A30C1868F1120032CC7A /* QuartzCore.framework */,
				FF4F9AF6182881FF00D2F975 /* AppleScriptObjC.framework */,
				FF0E12D01824811200D49EC7 /* ScriptingBridge.framework */,
				FF4E26311823197D00D477F6 /* IOKit.framework */,
				FF8C833617AB14B5000166FC /* Cocoa.framework */,
				FF8C833817AB14B5000166FC /* Other Frameworks */,
			);
			name = Frameworks;
			sourceTree = "<group>";
		};
		FF8C833817AB14B5000166FC /* Other Frameworks */ = {
			isa = PBXGroup;
			children = (
				FF8C833917AB14B5000166FC /* AppKit.framework */,
				FF8C833A17AB14B5000166FC /* CoreData.framework */,
				FF8C833B17AB14B5000166FC /* Foundation.framework */,
			);
			name = "Other Frameworks";
			sourceTree = "<group>";
		};
		FF8C833C17AB14B5000166FC /* Turn Touch App */ = {
			isa = PBXGroup;
			children = (
				FF5F70B317C428FB00511AB6 /* Controllers */,
				FF0E12B51824283B00D49EC7 /* Models */,
				FF5F70B217C428F200511AB6 /* Views */,
				FF0E12C418247B7A00D49EC7 /* Modes */,
				FF4E26291823154500D477F6 /* Serial Monitor */,
				FF0E12BF18242D2F00D49EC7 /* XIBs */,
				FF8C833D17AB14B5000166FC /* Supporting Files */,
			);
			path = "Turn Touch App";
			sourceTree = "<group>";
		};
		FF8C833D17AB14B5000166FC /* Supporting Files */ = {
			isa = PBXGroup;
			children = (
				FF98A2E91867DC320032CC7A /* main.m */,
				FF98A2EA1867DC320032CC7A /* Turn Touch App-Info.plist */,
				FF98A2EB1867DC320032CC7A /* Turn Touch App-Prefix.pch */,
				FF98A2EC1867DC320032CC7A /* Turn Touch App.entitlements */,
				FF8C833F17AB14B5000166FC /* InfoPlist.strings */,
				FF8C834517AB14B5000166FC /* Credits.rtf */,
				FF8012F4186A1AD100955218 /* defaults.plist */,
			);
			name = "Supporting Files";
			sourceTree = "<group>";
		};
		FF98A2FD1868D37C0032CC7A /* Mac */ = {
			isa = PBXGroup;
			children = (
				FF8012F118692D0A00955218 /* TTModeMac.h */,
				FF8012F218692D0A00955218 /* TTModeMac.m */,
			);
			name = Mac;
			sourceTree = "<group>";
		};
		FFAA4F6A182D96E50049FFC7 /* icons */ = {
			isa = PBXGroup;
			children = (
				FFAA4F52182D96D60049FFC7 /* cog.png */,
				FFAA4F53182D96D60049FFC7 /* equalizer-1.png */,
				FFAA4F54182D96D60049FFC7 /* filmstrip-3.png */,
				FFAA4F55182D96D60049FFC7 /* heart.png */,
				FF98A3011868D3F90032CC7A /* imac.png */,
				FF98A3021868D3F90032CC7A /* macbookpro.png */,
				FFAA4F56182D96D60049FFC7 /* icon_movie.png */,
				FFAA4F57182D96D60049FFC7 /* icon_music.png */,
				FFAA4F58182D96D60049FFC7 /* newspaper-3.png */,
				FFAA4F59182D96D60049FFC7 /* presentation-chart.png */,
				FFAA4F5A182D96D60049FFC7 /* speaker.png */,
				FFAA4F5B182D96D60049FFC7 /* sun.png */,
				FFAA4F5C182D96D60049FFC7 /* television.png */,
				FFAA4F5D182D96D60049FFC7 /* vynil.png */,
			);
			name = icons;
			sourceTree = "<group>";
		};
		FFAA4F6B182D993F0049FFC7 /* News */ = {
			isa = PBXGroup;
			children = (
				FFAA4F70182D9A5F0049FFC7 /* TTModeNews.h */,
				FFAA4F71182D9A5F0049FFC7 /* TTModeNews.m */,
			);
			name = News;
			sourceTree = "<group>";
		};
		FFAA4F6C182D99440049FFC7 /* Alarm Clock */ = {
			isa = PBXGroup;
			children = (
				FFAA4F6D182D99640049FFC7 /* TTModeAlarmClock.h */,
				FFAA4F6E182D99640049FFC7 /* TTModeAlarmClock.m */,
			);
			name = "Alarm Clock";
			sourceTree = "<group>";
		};
/* End PBXGroup section */

/* Begin PBXNativeTarget section */
		FF8C833217AB14B5000166FC /* Turn Touch App */ = {
			isa = PBXNativeTarget;
			buildConfigurationList = FF8C835017AB14B5000166FC /* Build configuration list for PBXNativeTarget "Turn Touch App" */;
			buildPhases = (
				FF8C832F17AB14B5000166FC /* Sources */,
				FF8C833017AB14B5000166FC /* Frameworks */,
				FF8C833117AB14B5000166FC /* Resources */,
			);
			buildRules = (
			);
			dependencies = (
			);
			name = "Turn Touch App";
			productName = "Turn Touch App";
			productReference = FF8C833317AB14B5000166FC /* Turn Touch App.app */;
			productType = "com.apple.product-type.application";
		};
/* End PBXNativeTarget section */

/* Begin PBXProject section */
		FF8C832B17AB14B5000166FC /* Project object */ = {
			isa = PBXProject;
			attributes = {
				CLASSPREFIX = TT;
				LastUpgradeCheck = 0500;
				ORGANIZATIONNAME = "Turn Touch";
				TargetAttributes = {
					FF8C833217AB14B5000166FC = {
						DevelopmentTeam = HR7P97SD72;
					};
				};
			};
			buildConfigurationList = FF8C832E17AB14B5000166FC /* Build configuration list for PBXProject "Turn Touch App" */;
			compatibilityVersion = "Xcode 3.2";
			developmentRegion = English;
			hasScannedForEncodings = 0;
			knownRegions = (
				en,
			);
			mainGroup = FF8C832A17AB14B5000166FC;
			productRefGroup = FF8C833417AB14B5000166FC /* Products */;
			projectDirPath = "";
			projectRoot = "";
			targets = (
				FF8C833217AB14B5000166FC /* Turn Touch App */,
			);
		};
/* End PBXProject section */

/* Begin PBXResourcesBuildPhase section */
		FF8C833117AB14B5000166FC /* Resources */ = {
			isa = PBXResourcesBuildPhase;
			buildActionMask = 2147483647;
			files = (
				FF8C834117AB14B5000166FC /* InfoPlist.strings in Resources */,
				FFAA4F61182D96D60049FFC7 /* heart.png in Resources */,
				FF8C834717AB14B5000166FC /* Credits.rtf in Resources */,
				FFAA4F68182D96D60049FFC7 /* television.png in Resources */,
				FFAA4F66182D96D60049FFC7 /* speaker.png in Resources */,
				FFAA4F65182D96D60049FFC7 /* presentation-chart.png in Resources */,
				FF8C834D17AB14B5000166FC /* MainMenu.xib in Resources */,
				FFAA4F5E182D96D60049FFC7 /* cog.png in Resources */,
				FFAA4F60182D96D60049FFC7 /* filmstrip-3.png in Resources */,
				FFAA4F63182D96D60049FFC7 /* icon_music.png in Resources */,
				FFAA4F5F182D96D60049FFC7 /* equalizer-1.png in Resources */,
				FF98A3031868D3F90032CC7A /* imac.png in Resources */,
				FF8012F5186A1AD100955218 /* defaults.plist in Resources */,
				FF3A9F7717C4358000C5C2D5 /* TTPanel.xib in Resources */,
				FFAA4F67182D96D60049FFC7 /* sun.png in Resources */,
				FF98A2EF1867DC320032CC7A /* Turn Touch App.entitlements in Resources */,
				FFAA4F62182D96D60049FFC7 /* icon_movie.png in Resources */,
				FFAA4F64182D96D60049FFC7 /* newspaper-3.png in Resources */,
				FFAA4F69182D96D60049FFC7 /* vynil.png in Resources */,
				FF98A3041868D3F90032CC7A /* macbookpro.png in Resources */,
			);
			runOnlyForDeploymentPostprocessing = 0;
		};
/* End PBXResourcesBuildPhase section */

/* Begin PBXSourcesBuildPhase section */
		FF8C832F17AB14B5000166FC /* Sources */ = {
			isa = PBXSourcesBuildPhase;
			buildActionMask = 2147483647;
			files = (
				FF8C834A17AB14B5000166FC /* TTAppDelegate.m in Sources */,
				FF4E2630182317D000D477F6 /* TTSerialMonitor.m in Sources */,
				FF0E12C218242DF000D49EC7 /* TTButtonTimer.m in Sources */,
				FF98A2FB1867E8EC0032CC7A /* ORSSerialPort.m in Sources */,
				FF4F9AFD1829B1B800D2F975 /* TTModeMenuContainer.m in Sources */,
				FF4F9B001829B1D300D2F975 /* TTModeMenuItem.m in Sources */,
				FF98A2E11867DBA40032CC7A /* TTActionMap.m in Sources */,
				FF3A9F6F17C4353300C5C2D5 /* TTPanel.m in Sources */,
				FF0E12BB1824286600D49EC7 /* TTModeMap.m in Sources */,
				FF4F9AFA1829B1A900D2F975 /* TTModeMenuViewport.m in Sources */,
				FF0E12CA18247BAE00D49EC7 /* TTMode.m in Sources */,
				FF3A9F7217C4354A00C5C2D5 /* TTStatusItemView.m in Sources */,
				FF98A2E71867DBE70032CC7A /* TTMenubarController.m in Sources */,
				FF3A9F7517C4355B00C5C2D5 /* TTBackgroundView.m in Sources */,
				FFAA4F72182D9A5F0049FFC7 /* TTModeNews.m in Sources */,
				FF0E12CF18247D6100D49EC7 /* TTModeMusic.m in Sources */,
				FF98A2FC1867E8EC0032CC7A /* ORSSerialPortManager.m in Sources */,
				FF98A3071868DAE10032CC7A /* TTModeChangeButton.m in Sources */,
				FF32222E1857B549004078AA /* TTModePreferencePane.m in Sources */,
				FF8012F318692D0A00955218 /* TTModeMac.m in Sources */,
				FF0E12D41828560000D49EC7 /* TTModeVideo.m in Sources */,
				FF0E12B81824285100D49EC7 /* TTDiamondView.m in Sources */,
				FFAA4F4E182C99F30049FFC7 /* TTDiamondLabels.m in Sources */,
				FF98A2E81867DBE70032CC7A /* TTPanelController.m in Sources */,
				FF98A2ED1867DC320032CC7A /* main.m in Sources */,
				FFAA4F6F182D99640049FFC7 /* TTModeAlarmClock.m in Sources */,
			);
			runOnlyForDeploymentPostprocessing = 0;
		};
/* End PBXSourcesBuildPhase section */

/* Begin PBXVariantGroup section */
		FF8C833F17AB14B5000166FC /* InfoPlist.strings */ = {
			isa = PBXVariantGroup;
			children = (
				FF8C834017AB14B5000166FC /* en */,
			);
			name = InfoPlist.strings;
			sourceTree = "<group>";
		};
		FF8C834517AB14B5000166FC /* Credits.rtf */ = {
			isa = PBXVariantGroup;
			children = (
				FF8C834617AB14B5000166FC /* en */,
			);
			name = Credits.rtf;
			sourceTree = "<group>";
		};
		FF8C834B17AB14B5000166FC /* MainMenu.xib */ = {
			isa = PBXVariantGroup;
			children = (
				FF8C834C17AB14B5000166FC /* en */,
			);
			name = MainMenu.xib;
			sourceTree = "<group>";
		};
/* End PBXVariantGroup section */

/* Begin XCBuildConfiguration section */
		FF8C834E17AB14B5000166FC /* Debug */ = {
			isa = XCBuildConfiguration;
			buildSettings = {
				ALWAYS_SEARCH_USER_PATHS = NO;
				CLANG_CXX_LANGUAGE_STANDARD = "gnu++0x";
				CLANG_CXX_LIBRARY = "libc++";
				CLANG_ENABLE_OBJC_ARC = YES;
				CLANG_WARN_CONSTANT_CONVERSION = YES;
				CLANG_WARN_EMPTY_BODY = YES;
				CLANG_WARN_ENUM_CONVERSION = YES;
				CLANG_WARN_INT_CONVERSION = YES;
				CLANG_WARN__DUPLICATE_METHOD_MATCH = YES;
				COPY_PHASE_STRIP = NO;
				GCC_C_LANGUAGE_STANDARD = gnu99;
				GCC_DYNAMIC_NO_PIC = NO;
				GCC_ENABLE_OBJC_EXCEPTIONS = YES;
				GCC_OPTIMIZATION_LEVEL = 0;
				GCC_PREPROCESSOR_DEFINITIONS = (
					"DEBUG=1",
					"$(inherited)",
				);
				GCC_SYMBOLS_PRIVATE_EXTERN = NO;
				GCC_WARN_64_TO_32_BIT_CONVERSION = YES;
				GCC_WARN_ABOUT_RETURN_TYPE = YES;
				GCC_WARN_UNINITIALIZED_AUTOS = YES;
				GCC_WARN_UNUSED_VARIABLE = YES;
				MACOSX_DEPLOYMENT_TARGET = 10.8;
				ONLY_ACTIVE_ARCH = YES;
				SDKROOT = macosx;
			};
			name = Debug;
		};
		FF8C834F17AB14B5000166FC /* Release */ = {
			isa = XCBuildConfiguration;
			buildSettings = {
				ALWAYS_SEARCH_USER_PATHS = NO;
				CLANG_CXX_LANGUAGE_STANDARD = "gnu++0x";
				CLANG_CXX_LIBRARY = "libc++";
				CLANG_ENABLE_OBJC_ARC = YES;
				CLANG_WARN_CONSTANT_CONVERSION = YES;
				CLANG_WARN_EMPTY_BODY = YES;
				CLANG_WARN_ENUM_CONVERSION = YES;
				CLANG_WARN_INT_CONVERSION = YES;
				CLANG_WARN__DUPLICATE_METHOD_MATCH = YES;
				COPY_PHASE_STRIP = YES;
				DEBUG_INFORMATION_FORMAT = "dwarf-with-dsym";
				GCC_C_LANGUAGE_STANDARD = gnu99;
				GCC_ENABLE_OBJC_EXCEPTIONS = YES;
				GCC_WARN_64_TO_32_BIT_CONVERSION = YES;
				GCC_WARN_ABOUT_RETURN_TYPE = YES;
				GCC_WARN_UNINITIALIZED_AUTOS = YES;
				GCC_WARN_UNUSED_VARIABLE = YES;
				MACOSX_DEPLOYMENT_TARGET = 10.8;
				SDKROOT = macosx;
			};
			name = Release;
		};
		FF8C835117AB14B5000166FC /* Debug */ = {
			isa = XCBuildConfiguration;
			buildSettings = {
				CODE_SIGN_IDENTITY = "Mac Developer";
				"CODE_SIGN_IDENTITY[sdk=macosx*]" = "Mac Developer";
				COMBINE_HIDPI_IMAGES = YES;
				GCC_PRECOMPILE_PREFIX_HEADER = YES;
				GCC_PREFIX_HEADER = "Turn Touch App/Supporting Files/Turn Touch App-Prefix.pch";
				INFOPLIST_FILE = "$(SRCROOT)/Turn Touch App/Supporting Files/Turn Touch App-Info.plist";
				MACOSX_DEPLOYMENT_TARGET = 10.7;
				PRODUCT_NAME = "$(TARGET_NAME)";
				PROVISIONING_PROFILE = "";
				WRAPPER_EXTENSION = app;
			};
			name = Debug;
		};
		FF8C835217AB14B5000166FC /* Release */ = {
			isa = XCBuildConfiguration;
			buildSettings = {
				CODE_SIGN_IDENTITY = "Mac Developer";
				"CODE_SIGN_IDENTITY[sdk=macosx*]" = "Mac Developer";
				COMBINE_HIDPI_IMAGES = YES;
				GCC_PRECOMPILE_PREFIX_HEADER = YES;
				GCC_PREFIX_HEADER = "Turn Touch App/Supporting Files/Turn Touch App-Prefix.pch";
				INFOPLIST_FILE = "$(SRCROOT)/Turn Touch App/Supporting Files/Turn Touch App-Info.plist";
				MACOSX_DEPLOYMENT_TARGET = 10.7;
				PRODUCT_NAME = "$(TARGET_NAME)";
				PROVISIONING_PROFILE = "";
				WRAPPER_EXTENSION = app;
			};
			name = Release;
		};
/* End XCBuildConfiguration section */

/* Begin XCConfigurationList section */
		FF8C832E17AB14B5000166FC /* Build configuration list for PBXProject "Turn Touch App" */ = {
			isa = XCConfigurationList;
			buildConfigurations = (
				FF8C834E17AB14B5000166FC /* Debug */,
				FF8C834F17AB14B5000166FC /* Release */,
			);
			defaultConfigurationIsVisible = 0;
			defaultConfigurationName = Release;
		};
		FF8C835017AB14B5000166FC /* Build configuration list for PBXNativeTarget "Turn Touch App" */ = {
			isa = XCConfigurationList;
			buildConfigurations = (
				FF8C835117AB14B5000166FC /* Debug */,
				FF8C835217AB14B5000166FC /* Release */,
			);
			defaultConfigurationIsVisible = 0;
			defaultConfigurationName = Release;
		};
/* End XCConfigurationList section */
	};
	rootObject = FF8C832B17AB14B5000166FC /* Project object */;
}
